
Microsoft Visual Studio Solution File, Format Version 12.00
# Visual Studio Version 17
VisualStudioVersion = 17.8.34309.116
MinimumVisualStudioVersion = 10.0.40219.1
Project("{9A19103F-16F7-4668-BE54-9A1E7A4F7556}") = "SerwerConsole", "SerwerConsole.csproj", "{27D4597C-FEB8-494A-97F0-70D7263850F1}"
EndProject
Project("{9A19103F-16F7-4668-BE54-9A1E7A4F7556}") = "Klient", "..\Klient\Klient.csproj", "{2B63F21A-DDAC-4BCA-836D-DF807FF33C6B}"
EndProject
Project("{9A19103F-16F7-4668-BE54-9A1E7A4F7556}") = "Wspólne", "..\Wspólne\Wspólne.csproj", "{BD9FB63A-2314-4E33-BCB8-18D76FC90CDC}"
EndProject
Project("{2150E333-8FDC-42A3-9474-1A3956D46DE8}") = "Elementy rozwiązania", "Elementy rozwiązania", "{D9A30D00-6A80-42F5-9EB3-1CDE548E5519}"
	ProjectSection(SolutionItems) = preProject
		Tasks.txt = Tasks.txt
	EndProjectSection
EndProject
Project("{FAE04EC0-301F-11D3-BF4B-00C04F79EFBC}") = "gRPCSerwer", "..\gRPCSerwer\gRPCSerwer.csproj", "{B4C5E530-B1A5-4041-86AC-D90C9888C43B}"
EndProject
Global
	GlobalSection(SolutionConfigurationPlatforms) = preSolution
		Debug|Any CPU = Debug|Any CPU
		Release|Any CPU = Release|Any CPU
	EndGlobalSection
	GlobalSection(ProjectConfigurationPlatforms) = postSolution
		{27D4597C-FEB8-494A-97F0-70D7263850F1}.Debug|Any CPU.ActiveCfg = Debug|Any CPU
		{27D4597C-FEB8-494A-97F0-70D7263850F1}.Debug|Any CPU.Build.0 = Debug|Any CPU
		{27D4597C-FEB8-494A-97F0-70D7263850F1}.Release|Any CPU.ActiveCfg = Release|Any CPU
		{27D4597C-FEB8-494A-97F0-70D7263850F1}.Release|Any CPU.Build.0 = Release|Any CPU
		{2B63F21A-DDAC-4BCA-836D-DF807FF33C6B}.Debug|Any CPU.ActiveCfg = Debug|Any CPU
		{2B63F21A-DDAC-4BCA-836D-DF807FF33C6B}.Debug|Any CPU.Build.0 = Debug|Any CPU
		{2B63F21A-DDAC-4BCA-836D-DF807FF33C6B}.Release|Any CPU.ActiveCfg = Release|Any CPU
		{2B63F21A-DDAC-4BCA-836D-DF807FF33C6B}.Release|Any CPU.Build.0 = Release|Any CPU
		{BD9FB63A-2314-4E33-BCB8-18D76FC90CDC}.Debug|Any CPU.ActiveCfg = Debug|Any CPU
		{BD9FB63A-2314-4E33-BCB8-18D76FC90CDC}.Debug|Any CPU.Build.0 = Debug|Any CPU
		{BD9FB63A-2314-4E33-BCB8-18D76FC90CDC}.Release|Any CPU.ActiveCfg = Release|Any CPU
		{BD9FB63A-2314-4E33-BCB8-18D76FC90CDC}.Release|Any CPU.Build.0 = Release|Any CPU
		{B4C5E530-B1A5-4041-86AC-D90C9888C43B}.Debug|Any CPU.ActiveCfg = Debug|Any CPU
		{B4C5E530-B1A5-4041-86AC-D90C9888C43B}.Debug|Any CPU.Build.0 = Debug|Any CPU
		{B4C5E530-B1A5-4041-86AC-D90C9888C43B}.Release|Any CPU.ActiveCfg = Release|Any CPU
		{B4C5E530-B1A5-4041-86AC-D90C9888C43B}.Release|Any CPU.Build.0 = Release|Any CPU
	EndGlobalSection
	GlobalSection(SolutionProperties) = preSolution
		HideSolutionNode = FALSE
	EndGlobalSection
	GlobalSection(ExtensibilityGlobals) = postSolution
		SolutionGuid = {B7192C4D-69F9-4176-83B6-C5DCEE8EBB1A}
	EndGlobalSection
EndGlobal
